
Microsoft Visual Studio Solution File, Format Version 12.00
# Visual Studio Version 16
VisualStudioVersion = 16.0.29926.136
MinimumVisualStudioVersion = 10.0.40219.1
Project("{FAE04EC0-301F-11D3-BF4B-00C04F79EFBC}") = "numberGuesser", "numberGuesser\numberGuesser.csproj", "{AC7E3BC3-40BF-4654-AD91-D1375D022C4C}"
EndProject
Global
	GlobalSection(SolutionConfigurationPlatforms) = preSolution
		Debug|Any CPU = Debug|Any CPU
		Release|Any CPU = Release|Any CPU
	EndGlobalSection
	GlobalSection(ProjectConfigurationPlatforms) = postSolution
		{AC7E3BC3-40BF-4654-AD91-D1375D022C4C}.Debug|Any CPU.ActiveCfg = Debug|Any CPU
		{AC7E3BC3-40BF-4654-AD91-D1375D022C4C}.Debug|Any CPU.Build.0 = Debug|Any CPU
		{AC7E3BC3-40BF-4654-AD91-D1375D022C4C}.Release|Any CPU.ActiveCfg = Release|Any CPU
		{AC7E3BC3-40BF-4654-AD91-D1375D022C4C}.Release|Any CPU.Build.0 = Release|Any CPU
	EndGlobalSection
	GlobalSection(SolutionProperties) = preSolution
		HideSolutionNode = FALSE
	EndGlobalSection
	GlobalSection(ExtensibilityGlobals) = postSolution
		SolutionGuid = {163C9638-3159-4788-A844-3B2284CF3691}
	EndGlobalSection
EndGlobal
